
Microsoft Visual Studio Solution File, Format Version 12.00
Project("{FAE04EC0-301F-11D3-BF4B-00C04F79EFBC}") = "WebApplication1", "WebApplication1\WebApplication1.csproj", "{6F701ADB-AD94-4892-98C9-50D4E01F3E7E}"
EndProject
Project("{2150E333-8FDC-42A3-9474-1A3956D46DE8}") = "UI", "UI", "{205487B0-7179-4C70-A7A5-43CC9E94485A}"
EndProject
Project("{2150E333-8FDC-42A3-9474-1A3956D46DE8}") = "Core", "Core", "{C9C13517-7AD3-4DB5-9F66-E6C2A730BF0D}"
EndProject
Project("{2150E333-8FDC-42A3-9474-1A3956D46DE8}") = "Infrastructure", "Infrastructure", "{E1827BF9-86B6-4D32-A7A1-D94A25EFB069}"
EndProject
Project("{FAE04EC0-301F-11D3-BF4B-00C04F79EFBC}") = "HumanApp.Core", "HumanApp.Core\HumanApp.Core.csproj", "{57B46A8F-9A94-4F92-B309-E56C1FE88973}"
EndProject
Project("{FAE04EC0-301F-11D3-BF4B-00C04F79EFBC}") = "HumanApp.Core.Entity", "HumanApp.Core.Entity\HumanApp.Core.Entity.csproj", "{EE51B5A9-A66D-4542-A2C4-3BB90B8522CF}"
EndProject
Project("{FAE04EC0-301F-11D3-BF4B-00C04F79EFBC}") = "HumanApp.Infrastructure.Data", "HumanApp.Infrastructure.Data\HumanApp.Infrastructure.Data.csproj", "{A8DAB22E-422F-4846-8F7E-85C56DF9F809}"
EndProject
Project("{FAE04EC0-301F-11D3-BF4B-00C04F79EFBC}") = "UniteTest", "UniteTest\UniteTest.csproj", "{1893E45F-9E8C-49AE-BEA8-0FC07E5131D7}"
EndProject
Global
	GlobalSection(SolutionConfigurationPlatforms) = preSolution
		Debug|Any CPU = Debug|Any CPU
		Release|Any CPU = Release|Any CPU
	EndGlobalSection
	GlobalSection(ProjectConfigurationPlatforms) = postSolution
		{6F701ADB-AD94-4892-98C9-50D4E01F3E7E}.Debug|Any CPU.ActiveCfg = Debug|Any CPU
		{6F701ADB-AD94-4892-98C9-50D4E01F3E7E}.Debug|Any CPU.Build.0 = Debug|Any CPU
		{6F701ADB-AD94-4892-98C9-50D4E01F3E7E}.Release|Any CPU.ActiveCfg = Release|Any CPU
		{6F701ADB-AD94-4892-98C9-50D4E01F3E7E}.Release|Any CPU.Build.0 = Release|Any CPU
		{57B46A8F-9A94-4F92-B309-E56C1FE88973}.Debug|Any CPU.ActiveCfg = Debug|Any CPU
		{57B46A8F-9A94-4F92-B309-E56C1FE88973}.Debug|Any CPU.Build.0 = Debug|Any CPU
		{57B46A8F-9A94-4F92-B309-E56C1FE88973}.Release|Any CPU.ActiveCfg = Release|Any CPU
		{57B46A8F-9A94-4F92-B309-E56C1FE88973}.Release|Any CPU.Build.0 = Release|Any CPU
		{EE51B5A9-A66D-4542-A2C4-3BB90B8522CF}.Debug|Any CPU.ActiveCfg = Debug|Any CPU
		{EE51B5A9-A66D-4542-A2C4-3BB90B8522CF}.Debug|Any CPU.Build.0 = Debug|Any CPU
		{EE51B5A9-A66D-4542-A2C4-3BB90B8522CF}.Release|Any CPU.ActiveCfg = Release|Any CPU
		{EE51B5A9-A66D-4542-A2C4-3BB90B8522CF}.Release|Any CPU.Build.0 = Release|Any CPU
		{A8DAB22E-422F-4846-8F7E-85C56DF9F809}.Debug|Any CPU.ActiveCfg = Debug|Any CPU
		{A8DAB22E-422F-4846-8F7E-85C56DF9F809}.Debug|Any CPU.Build.0 = Debug|Any CPU
		{A8DAB22E-422F-4846-8F7E-85C56DF9F809}.Release|Any CPU.ActiveCfg = Release|Any CPU
		{A8DAB22E-422F-4846-8F7E-85C56DF9F809}.Release|Any CPU.Build.0 = Release|Any CPU
		{1893E45F-9E8C-49AE-BEA8-0FC07E5131D7}.Debug|Any CPU.ActiveCfg = Debug|Any CPU
		{1893E45F-9E8C-49AE-BEA8-0FC07E5131D7}.Debug|Any CPU.Build.0 = Debug|Any CPU
		{1893E45F-9E8C-49AE-BEA8-0FC07E5131D7}.Release|Any CPU.ActiveCfg = Release|Any CPU
		{1893E45F-9E8C-49AE-BEA8-0FC07E5131D7}.Release|Any CPU.Build.0 = Release|Any CPU
	EndGlobalSection
	GlobalSection(NestedProjects) = preSolution
		{6F701ADB-AD94-4892-98C9-50D4E01F3E7E} = {205487B0-7179-4C70-A7A5-43CC9E94485A}
		{57B46A8F-9A94-4F92-B309-E56C1FE88973} = {C9C13517-7AD3-4DB5-9F66-E6C2A730BF0D}
		{EE51B5A9-A66D-4542-A2C4-3BB90B8522CF} = {C9C13517-7AD3-4DB5-9F66-E6C2A730BF0D}
		{A8DAB22E-422F-4846-8F7E-85C56DF9F809} = {E1827BF9-86B6-4D32-A7A1-D94A25EFB069}
	EndGlobalSection
EndGlobal
