
Microsoft Visual Studio Solution File, Format Version 12.00
Project("{FAE04EC0-301F-11D3-BF4B-00C04F79EFBC}") = "WebApplication1", "WebApplication1\WebApplication1.csproj", "{6F701ADB-AD94-4892-98C9-50D4E01F3E7E}"
EndProject
Project("{2150E333-8FDC-42A3-9474-1A3956D46DE8}") = "UI", "UI", "{205487B0-7179-4C70-A7A5-43CC9E94485A}"
EndProject
Project("{2150E333-8FDC-42A3-9474-1A3956D46DE8}") = "Core", "Core", "{C9C13517-7AD3-4DB5-9F66-E6C2A730BF0D}"
EndProject
Project("{2150E333-8FDC-42A3-9474-1A3956D46DE8}") = "Infrastructure", "Infrastructure", "{E1827BF9-86B6-4D32-A7A1-D94A25EFB069}"
EndProject
Project("{FAE04EC0-301F-11D3-BF4B-00C04F79EFBC}") = "UniteTest", "UniteTest\UniteTest.csproj", "{1893E45F-9E8C-49AE-BEA8-0FC07E5131D7}"
EndProject
Project("{FAE04EC0-301F-11D3-BF4B-00C04F79EFBC}") = "LampApp.Infrastructure.Data", "LampApp.Infrastructure.Data\LampApp.Infrastructure.Data.csproj", "{7619FD83-C889-48D7-AD48-741D53B8622B}"
EndProject
Project("{FAE04EC0-301F-11D3-BF4B-00C04F79EFBC}") = "LampApp.Core.Entity", "LampApp.Core.Entity\LampApp.Core.Entity.csproj", "{7AD28E92-6EBA-449D-99F5-185CF15AB67E}"
EndProject
Project("{FAE04EC0-301F-11D3-BF4B-00C04F79EFBC}") = "LampApp.Core", "LampApp.Core\LampApp.Core.csproj", "{F30A884F-00A3-4C43-AB25-C503C95DFD5C}"
EndProject
Global
	GlobalSection(SolutionConfigurationPlatforms) = preSolution
		Debug|Any CPU = Debug|Any CPU
		Release|Any CPU = Release|Any CPU
	EndGlobalSection
	GlobalSection(ProjectConfigurationPlatforms) = postSolution
		{6F701ADB-AD94-4892-98C9-50D4E01F3E7E}.Debug|Any CPU.ActiveCfg = Debug|Any CPU
		{6F701ADB-AD94-4892-98C9-50D4E01F3E7E}.Debug|Any CPU.Build.0 = Debug|Any CPU
		{6F701ADB-AD94-4892-98C9-50D4E01F3E7E}.Release|Any CPU.ActiveCfg = Release|Any CPU
		{6F701ADB-AD94-4892-98C9-50D4E01F3E7E}.Release|Any CPU.Build.0 = Release|Any CPU
		{1893E45F-9E8C-49AE-BEA8-0FC07E5131D7}.Debug|Any CPU.ActiveCfg = Debug|Any CPU
		{1893E45F-9E8C-49AE-BEA8-0FC07E5131D7}.Debug|Any CPU.Build.0 = Debug|Any CPU
		{1893E45F-9E8C-49AE-BEA8-0FC07E5131D7}.Release|Any CPU.ActiveCfg = Release|Any CPU
		{1893E45F-9E8C-49AE-BEA8-0FC07E5131D7}.Release|Any CPU.Build.0 = Release|Any CPU
		{7619FD83-C889-48D7-AD48-741D53B8622B}.Debug|Any CPU.ActiveCfg = Debug|Any CPU
		{7619FD83-C889-48D7-AD48-741D53B8622B}.Debug|Any CPU.Build.0 = Debug|Any CPU
		{7619FD83-C889-48D7-AD48-741D53B8622B}.Release|Any CPU.ActiveCfg = Release|Any CPU
		{7619FD83-C889-48D7-AD48-741D53B8622B}.Release|Any CPU.Build.0 = Release|Any CPU
		{7AD28E92-6EBA-449D-99F5-185CF15AB67E}.Debug|Any CPU.ActiveCfg = Debug|Any CPU
		{7AD28E92-6EBA-449D-99F5-185CF15AB67E}.Debug|Any CPU.Build.0 = Debug|Any CPU
		{7AD28E92-6EBA-449D-99F5-185CF15AB67E}.Release|Any CPU.ActiveCfg = Release|Any CPU
		{7AD28E92-6EBA-449D-99F5-185CF15AB67E}.Release|Any CPU.Build.0 = Release|Any CPU
		{F30A884F-00A3-4C43-AB25-C503C95DFD5C}.Debug|Any CPU.ActiveCfg = Debug|Any CPU
		{F30A884F-00A3-4C43-AB25-C503C95DFD5C}.Debug|Any CPU.Build.0 = Debug|Any CPU
		{F30A884F-00A3-4C43-AB25-C503C95DFD5C}.Release|Any CPU.ActiveCfg = Release|Any CPU
		{F30A884F-00A3-4C43-AB25-C503C95DFD5C}.Release|Any CPU.Build.0 = Release|Any CPU
	EndGlobalSection
	GlobalSection(NestedProjects) = preSolution
		{6F701ADB-AD94-4892-98C9-50D4E01F3E7E} = {205487B0-7179-4C70-A7A5-43CC9E94485A}
		{7619FD83-C889-48D7-AD48-741D53B8622B} = {E1827BF9-86B6-4D32-A7A1-D94A25EFB069}
		{7AD28E92-6EBA-449D-99F5-185CF15AB67E} = {C9C13517-7AD3-4DB5-9F66-E6C2A730BF0D}
		{F30A884F-00A3-4C43-AB25-C503C95DFD5C} = {C9C13517-7AD3-4DB5-9F66-E6C2A730BF0D}
	EndGlobalSection
EndGlobal
